
Microsoft Visual Studio Solution File, Format Version 12.00
# Visual Studio Version 17
VisualStudioVersion = 17.6.33927.249
MinimumVisualStudioVersion = 10.0.40219.1
Project("{FAE04EC0-301F-11D3-BF4B-00C04F79EFBC}") = "UnitProject2", "UnitProject2\UnitProject2.csproj", "{6C28690E-2ADF-431E-9E49-ACAE5507907A}"
EndProject
Global
	GlobalSection(SolutionConfigurationPlatforms) = preSolution
		Debug|Any CPU = Debug|Any CPU
		Release|Any CPU = Release|Any CPU
	EndGlobalSection
	GlobalSection(ProjectConfigurationPlatforms) = postSolution
		{6C28690E-2ADF-431E-9E49-ACAE5507907A}.Debug|Any CPU.ActiveCfg = Debug|Any CPU
		{6C28690E-2ADF-431E-9E49-ACAE5507907A}.Debug|Any CPU.Build.0 = Debug|Any CPU
		{6C28690E-2ADF-431E-9E49-ACAE5507907A}.Release|Any CPU.ActiveCfg = Release|Any CPU
		{6C28690E-2ADF-431E-9E49-ACAE5507907A}.Release|Any CPU.Build.0 = Release|Any CPU
	EndGlobalSection
	GlobalSection(SolutionProperties) = preSolution
		HideSolutionNode = FALSE
	EndGlobalSection
	GlobalSection(ExtensibilityGlobals) = postSolution
		SolutionGuid = {D97E1A7E-3357-4C23-9099-DF79317FDBA5}
	EndGlobalSection
EndGlobal
